<Solution>
  <Folder Name="/apps/">
    <Project Path="apps/Voxa.Studio/Voxa.Studio.csproj" />
  </Folder>
  <Folder Name="/bench/">
    <Project Path="bench/Voxa.Benchmarks/Voxa.Benchmarks.csproj" />
    <Project Path="bench/Voxa.TurnTaking/Voxa.TurnTaking.csproj" />
  </Folder>
  <Folder Name="/samples/">
    <Project Path="samples/Voxa.Samples.AspNetServer/Voxa.Samples.AspNetServer.csproj" />
    <Project Path="samples/Voxa.Samples.MinimalServer/Voxa.Samples.MinimalServer.csproj" />
  </Folder>
  <Folder Name="/src/">
    <Project Path="src/Voxa/Voxa.csproj" />
    <Project Path="src/Voxa.AspNetCore/Voxa.AspNetCore.csproj" />
    <Project Path="src/Voxa.Audio.Abstractions/Voxa.Audio.Abstractions.csproj" />
    <Project Path="src/Voxa.Audio.Diarization/Voxa.Audio.Diarization.csproj" />
    <Project Path="src/Voxa.Audio.Diarization.Onnx/Voxa.Audio.Diarization.Onnx.csproj" />
    <Project Path="src/Voxa.Audio.Onnx/Voxa.Audio.Onnx.csproj" />
    <Project Path="src/Voxa.Audio.SileroVad/Voxa.Audio.SileroVad.csproj" />
    <Project Path="src/Voxa.Audio.SmartTurn/Voxa.Audio.SmartTurn.csproj" />
    <Project Path="src/Voxa.Cli/Voxa.Cli.csproj" />
    <Project Path="src/Voxa.Core/Voxa.Core.csproj" />
    <Project Path="src/Voxa.Mcp/Voxa.Mcp.csproj" />
    <Project Path="src/Voxa.Observability/Voxa.Observability.csproj" />
    <Project Path="src/Voxa.Services.AzureVoiceLive/Voxa.Services.AzureVoiceLive.csproj" />
    <Project Path="src/Voxa.Services.MicrosoftAgents/Voxa.Services.MicrosoftAgents.csproj" />
    <Project Path="src/Voxa.Services.OpenAIRealtime/Voxa.Services.OpenAIRealtime.csproj" />
    <Project Path="src/Voxa.Services.SpeechToSpeech/Voxa.Services.SpeechToSpeech.csproj" />
    <Project Path="src/Voxa.Speech.Abstractions/Voxa.Speech.Abstractions.csproj" />
    <Project Path="src/Voxa.Speech.AssemblyAI/Voxa.Speech.AssemblyAI.csproj" />
    <Project Path="src/Voxa.Speech.Azure/Voxa.Speech.Azure.csproj" />
    <Project Path="src/Voxa.Speech.Deepgram/Voxa.Speech.Deepgram.csproj" />
    <Project Path="src/Voxa.Speech.ElevenLabs/Voxa.Speech.ElevenLabs.csproj" />
    <Project Path="src/Voxa.Speech.Groq/Voxa.Speech.Groq.csproj" />
    <Project Path="src/Voxa.Speech.Mistral/Voxa.Speech.Mistral.csproj" />
    <Project Path="src/Voxa.Speech.Kokoro/Voxa.Speech.Kokoro.csproj" />
    <Project Path="src/Voxa.Speech.OpenAI/Voxa.Speech.OpenAI.csproj" />
    <Project Path="src/Voxa.Speech.Piper/Voxa.Speech.Piper.csproj" />
    <Project Path="src/Voxa.Speech.Sidecar/Voxa.Speech.Sidecar.csproj" />
    <Project Path="src/Voxa.Speech.Together/Voxa.Speech.Together.csproj" />
    <Project Path="src/Voxa.Speech.WhisperCpp/Voxa.Speech.WhisperCpp.csproj" />
    <Project Path="src/Voxa.Testing/Voxa.Testing.csproj" />
    <Project Path="src/Voxa.Transports.WebSocket/Voxa.Transports.WebSocket.csproj" />
  </Folder>
  <Folder Name="/tests/">
    <Project Path="tests/Voxa.AspNetCore.Tests/Voxa.AspNetCore.Tests.csproj" />
    <Project Path="tests/Voxa.Audio.Abstractions.Tests/Voxa.Audio.Abstractions.Tests.csproj" />
    <Project Path="tests/Voxa.Audio.Diarization.Tests/Voxa.Audio.Diarization.Tests.csproj" />
    <Project Path="tests/Voxa.Audio.Diarization.Onnx.Tests/Voxa.Audio.Diarization.Onnx.Tests.csproj" />
    <Project Path="tests/Voxa.Audio.Onnx.Tests/Voxa.Audio.Onnx.Tests.csproj" />
    <Project Path="tests/Voxa.Audio.SileroVad.Tests/Voxa.Audio.SileroVad.Tests.csproj" />
    <Project Path="tests/Voxa.Audio.SmartTurn.Tests/Voxa.Audio.SmartTurn.Tests.csproj" />
    <Project Path="tests/Voxa.Cli.Tests/Voxa.Cli.Tests.csproj" />
    <Project Path="tests/Voxa.Core.Tests/Voxa.Core.Tests.csproj" />
    <Project Path="tests/Voxa.LocalSpeech.Tests/Voxa.LocalSpeech.Tests.csproj" />
    <Project Path="tests/Voxa.Mcp.Tests/Voxa.Mcp.Tests.csproj" />
    <Project Path="tests/Voxa.Observability.Tests/Voxa.Observability.Tests.csproj" />
    <Project Path="tests/Voxa.Services.AzureVoiceLive.Tests/Voxa.Services.AzureVoiceLive.Tests.csproj" />
    <Project Path="tests/Voxa.Services.MicrosoftAgents.Tests/Voxa.Services.MicrosoftAgents.Tests.csproj" />
    <Project Path="tests/Voxa.Services.OpenAIRealtime.Tests/Voxa.Services.OpenAIRealtime.Tests.csproj" />
    <Project Path="tests/Voxa.Services.SpeechToSpeech.Tests/Voxa.Services.SpeechToSpeech.Tests.csproj" />
    <Project Path="tests/Voxa.Speech.Abstractions.Tests/Voxa.Speech.Abstractions.Tests.csproj" />
    <Project Path="tests/Voxa.Speech.AssemblyAI.Tests/Voxa.Speech.AssemblyAI.Tests.csproj" />
    <Project Path="tests/Voxa.Speech.Azure.Tests/Voxa.Speech.Azure.Tests.csproj" />
    <Project Path="tests/Voxa.Speech.Deepgram.Tests/Voxa.Speech.Deepgram.Tests.csproj" />
    <Project Path="tests/Voxa.Speech.ElevenLabs.Tests/Voxa.Speech.ElevenLabs.Tests.csproj" />
    <Project Path="tests/Voxa.Speech.Groq.Tests/Voxa.Speech.Groq.Tests.csproj" />
    <Project Path="tests/Voxa.Speech.Mistral.Tests/Voxa.Speech.Mistral.Tests.csproj" />
    <Project Path="tests/Voxa.Speech.Kokoro.Tests/Voxa.Speech.Kokoro.Tests.csproj" />
    <Project Path="tests/Voxa.Speech.OpenAI.Tests/Voxa.Speech.OpenAI.Tests.csproj" />
    <Project Path="tests/Voxa.Speech.Piper.Tests/Voxa.Speech.Piper.Tests.csproj" />
    <Project Path="tests/Voxa.Speech.Sidecar.Tests/Voxa.Speech.Sidecar.Tests.csproj" />
    <Project Path="tests/Voxa.Speech.Together.Tests/Voxa.Speech.Together.Tests.csproj" />
    <Project Path="tests/Voxa.Speech.WhisperCpp.Tests/Voxa.Speech.WhisperCpp.Tests.csproj" />
    <Project Path="tests/Voxa.Studio.Tests/Voxa.Studio.Tests.csproj" />
    <Project Path="tests/Voxa.Transports.WebSocket.Tests/Voxa.Transports.WebSocket.Tests.csproj" />
    <Project Path="tests/Voxa.TurnTaking.Tests/Voxa.TurnTaking.Tests.csproj" />
  </Folder>
</Solution>
